
Microsoft Visual Studio Solution File, Format Version 12.00
# Visual Studio Version 16
VisualStudioVersion = 16.0.30011.22
MinimumVisualStudioVersion = 10.0.40219.1
Project("{FAE04EC0-301F-11D3-BF4B-00C04F79EFBC}") = "FuncExercise3Gary", "FuncExercise3Gary\FuncExercise3Gary.csproj", "{BA96FA95-4727-4811-BD03-1F22AB17FBED}"
EndProject
Global
	GlobalSection(SolutionConfigurationPlatforms) = preSolution
		Debug|Any CPU = Debug|Any CPU
		Release|Any CPU = Release|Any CPU
	EndGlobalSection
	GlobalSection(ProjectConfigurationPlatforms) = postSolution
		{BA96FA95-4727-4811-BD03-1F22AB17FBED}.Debug|Any CPU.ActiveCfg = Debug|Any CPU
		{BA96FA95-4727-4811-BD03-1F22AB17FBED}.Debug|Any CPU.Build.0 = Debug|Any CPU
		{BA96FA95-4727-4811-BD03-1F22AB17FBED}.Release|Any CPU.ActiveCfg = Release|Any CPU
		{BA96FA95-4727-4811-BD03-1F22AB17FBED}.Release|Any CPU.Build.0 = Release|Any CPU
	EndGlobalSection
	GlobalSection(SolutionProperties) = preSolution
		HideSolutionNode = FALSE
	EndGlobalSection
	GlobalSection(ExtensibilityGlobals) = postSolution
		SolutionGuid = {1FA66643-42FC-4828-AB57-0C0E446C2CF3}
	EndGlobalSection
EndGlobal
